
Microsoft Visual Studio Solution File, Format Version 12.00
# Visual Studio Version 17
VisualStudioVersion = 17.3.32922.545
MinimumVisualStudioVersion = 10.0.40219.1
Project("{FAE04EC0-301F-11D3-BF4B-00C04F79EFBC}") = "StackAndQueue", "StackAndQueue.csproj", "{87218F7A-4400-43B1-A0C8-C7FC29BD9D3D}"
EndProject
Global
	GlobalSection(SolutionConfigurationPlatforms) = preSolution
		Debug|Any CPU = Debug|Any CPU
		Release|Any CPU = Release|Any CPU
	EndGlobalSection
	GlobalSection(ProjectConfigurationPlatforms) = postSolution
		{87218F7A-4400-43B1-A0C8-C7FC29BD9D3D}.Debug|Any CPU.ActiveCfg = Debug|Any CPU
		{87218F7A-4400-43B1-A0C8-C7FC29BD9D3D}.Debug|Any CPU.Build.0 = Debug|Any CPU
		{87218F7A-4400-43B1-A0C8-C7FC29BD9D3D}.Release|Any CPU.ActiveCfg = Release|Any CPU
		{87218F7A-4400-43B1-A0C8-C7FC29BD9D3D}.Release|Any CPU.Build.0 = Release|Any CPU
	EndGlobalSection
	GlobalSection(SolutionProperties) = preSolution
		HideSolutionNode = FALSE
	EndGlobalSection
	GlobalSection(ExtensibilityGlobals) = postSolution
		SolutionGuid = {1ABF6F11-4FFF-4500-BD87-A805DCB1EA03}
	EndGlobalSection
EndGlobal
